{
  "version": 4,
  "terraform_version": "1.13.5",
  "serial": 1,
  "lineage": "1602d5a4-eea1-c855-fff9-0f0a19a622d5",
  "outputs": {},
  "resources": [
    {
      "mode": "managed",
      "type": "aws_bedrockagentcore_memory",
      "name": "swarm_memory",
      "provider": "provider[\"registry.terraform.io/hashicorp/aws\"]",
      "instances": [
        {
          "schema_version": 0,
          "attributes": {
            "arn": "arn:aws:bedrock-agentcore:us-east-1:794944452292:memory/swarm_memory-6NI8q4Eo3A",
            "description": null,
            "encryption_key_arn": null,
            "event_expiry_duration": 7,
            "id": "swarm_memory-6NI8q4Eo3A",
            "memory_execution_role_arn": null,
            "name": "swarm_memory",
            "region": "us-east-1",
            "tags": null,
            "tags_all": {},
            "timeouts": null
          },
          "sensitive_attributes": [],
          "identity_schema_version": 0
        }
      ]
    }
  ],
  "check_results": null
}
