{
  "version": 4,
  "terraform_version": "1.13.5",
  "serial": 3,
  "lineage": "7c37e79b-37a8-6bcf-c3cc-291c30dea383",
  "outputs": {},
  "resources": [
    {
      "mode": "data",
      "type": "aws_iam_role",
      "name": "bedrock_runtime",
      "provider": "provider[\"registry.terraform.io/hashicorp/aws\"]",
      "instances": [
        {
          "schema_version": 0,
          "attributes": {
            "arn": "arn:aws:iam::794944452292:role/AmazonBedrockAgentCoreSDKRuntime-us-east-1-9245b9760a",
            "assume_role_policy": "{\"Version\":\"2012-10-17\",\"Statement\":[{\"Sid\":\"AssumeRolePolicy\",\"Effect\":\"Allow\",\"Principal\":{\"Service\":\"bedrock-agentcore.amazonaws.com\"},\"Action\":\"sts:AssumeRole\",\"Condition\":{\"StringEquals\":{\"aws:SourceAccount\":\"794944452292\"},\"ArnLike\":{\"aws:SourceArn\":\"arn:aws:bedrock-agentcore:us-east-1:794944452292:*\"}}}]}",
            "create_date": "2026-04-05T03:56:39Z",
            "description": "Execution role for BedrockAgentCore Runtime - nsw_fuel_agent",
            "id": "AmazonBedrockAgentCoreSDKRuntime-us-east-1-9245b9760a",
            "max_session_duration": 3600,
            "name": "AmazonBedrockAgentCoreSDKRuntime-us-east-1-9245b9760a",
            "path": "/",
            "permissions_boundary": "",
            "role_last_used": [
              {
                "last_used_date": "2026-04-05T04:28:53Z",
                "region": "us-east-1"
              }
            ],
            "tags": {},
            "unique_id": "AROA3SFTBW3CF4TWGSS47"
          },
          "sensitive_attributes": [],
          "identity_schema_version": 0
        }
      ]
    },
    {
      "mode": "managed",
      "type": "aws_iam_role_policy",
      "name": "bedrock_agentcore_memory_access",
      "provider": "provider[\"registry.terraform.io/hashicorp/aws\"]",
      "instances": [
        {
          "schema_version": 0,
          "attributes": {
            "id": "AmazonBedrockAgentCoreSDKRuntime-us-east-1-9245b9760a:BedrockAgentCoreMemoryAccessPolicy",
            "name": "BedrockAgentCoreMemoryAccessPolicy",
            "name_prefix": "",
            "policy": "{\"Version\":\"2012-10-17\",\"Statement\":[{\"Action\":[\"bedrock-agentcore:ListMemories\",\"bedrock-agentcore:GetMemory\",\"bedrock-agentcore:CreateMemory\",\"bedrock-agentcore:UpdateMemory\",\"bedrock-agentcore:DeleteMemory\"],\"Effect\":\"Allow\",\"Resource\":\"arn:aws:bedrock-agentcore:us-east-1:794944452292:memory/*\"}]}",
            "role": "AmazonBedrockAgentCoreSDKRuntime-us-east-1-9245b9760a"
          },
          "sensitive_attributes": [],
          "identity_schema_version": 0,
          "identity": {
            "account_id": "794944452292",
            "name": "BedrockAgentCoreMemoryAccessPolicy",
            "role": "AmazonBedrockAgentCoreSDKRuntime-us-east-1-9245b9760a"
          },
          "private": "bnVsbA==",
          "dependencies": [
            "data.aws_iam_role.bedrock_runtime"
          ]
        }
      ]
    }
  ],
  "check_results": null
}
